
Microsoft Visual Studio Solution File, Format Version 12.00
# Visual Studio Version 16
VisualStudioVersion = 16.0.30717.126
MinimumVisualStudioVersion = 10.0.40219.1
Project("{FAE04EC0-301F-11D3-BF4B-00C04F79EFBC}") = "MultiplayerGameServer", "MultiplayerGameServer.csproj", "{CACE3532-21C5-40AD-B4A7-A918C4CC65EC}"
EndProject
Project("{9A19103F-16F7-4668-BE54-9A1E7A4F7556}") = "GameNetworkingShared", "..\Shared\GameNetworkingShared\GameNetworkingShared.csproj", "{B8B2B8C8-F25A-4E18-AB94-1C32BD2EB13D}"
EndProject
Global
	GlobalSection(SolutionConfigurationPlatforms) = preSolution
		Debug|Any CPU = Debug|Any CPU
		Release|Any CPU = Release|Any CPU
	EndGlobalSection
	GlobalSection(ProjectConfigurationPlatforms) = postSolution
		{CACE3532-21C5-40AD-B4A7-A918C4CC65EC}.Debug|Any CPU.ActiveCfg = Debug|Any CPU
		{CACE3532-21C5-40AD-B4A7-A918C4CC65EC}.Debug|Any CPU.Build.0 = Debug|Any CPU
		{CACE3532-21C5-40AD-B4A7-A918C4CC65EC}.Release|Any CPU.ActiveCfg = Release|Any CPU
		{CACE3532-21C5-40AD-B4A7-A918C4CC65EC}.Release|Any CPU.Build.0 = Release|Any CPU
		{B8B2B8C8-F25A-4E18-AB94-1C32BD2EB13D}.Debug|Any CPU.ActiveCfg = Debug|Any CPU
		{B8B2B8C8-F25A-4E18-AB94-1C32BD2EB13D}.Debug|Any CPU.Build.0 = Debug|Any CPU
		{B8B2B8C8-F25A-4E18-AB94-1C32BD2EB13D}.Release|Any CPU.ActiveCfg = Release|Any CPU
		{B8B2B8C8-F25A-4E18-AB94-1C32BD2EB13D}.Release|Any CPU.Build.0 = Release|Any CPU
	EndGlobalSection
	GlobalSection(SolutionProperties) = preSolution
		HideSolutionNode = FALSE
	EndGlobalSection
	GlobalSection(ExtensibilityGlobals) = postSolution
		SolutionGuid = {21CC344A-5D08-4887-B581-F44CF1674D93}
	EndGlobalSection
EndGlobal
